
Microsoft Visual Studio Solution File, Format Version 12.00
# Visual Studio Version 16
VisualStudioVersion = 16.0.30804.86
MinimumVisualStudioVersion = 10.0.40219.1
Project("{9A19103F-16F7-4668-BE54-9A1E7A4F7556}") = "VehicleMods", "VehicleMods\VehicleMods.csproj", "{C69F2399-B58A-4523-A506-6F7FC5A30A5A}"
EndProject
Project("{FAE04EC0-301F-11D3-BF4B-00C04F79EFBC}") = "VehicleModels", "VehicleModels\VehicleModels.csproj", "{EDCDE0FC-D872-4082-8F24-1C0C9B8A3BB5}"
EndProject
Global
	GlobalSection(SolutionConfigurationPlatforms) = preSolution
		Debug|Any CPU = Debug|Any CPU
		Release|Any CPU = Release|Any CPU
	EndGlobalSection
	GlobalSection(ProjectConfigurationPlatforms) = postSolution
		{C69F2399-B58A-4523-A506-6F7FC5A30A5A}.Debug|Any CPU.ActiveCfg = Debug|Any CPU
		{C69F2399-B58A-4523-A506-6F7FC5A30A5A}.Debug|Any CPU.Build.0 = Debug|Any CPU
		{C69F2399-B58A-4523-A506-6F7FC5A30A5A}.Release|Any CPU.ActiveCfg = Release|Any CPU
		{C69F2399-B58A-4523-A506-6F7FC5A30A5A}.Release|Any CPU.Build.0 = Release|Any CPU
		{EDCDE0FC-D872-4082-8F24-1C0C9B8A3BB5}.Debug|Any CPU.ActiveCfg = Debug|Any CPU
		{EDCDE0FC-D872-4082-8F24-1C0C9B8A3BB5}.Debug|Any CPU.Build.0 = Debug|Any CPU
		{EDCDE0FC-D872-4082-8F24-1C0C9B8A3BB5}.Release|Any CPU.ActiveCfg = Release|Any CPU
		{EDCDE0FC-D872-4082-8F24-1C0C9B8A3BB5}.Release|Any CPU.Build.0 = Release|Any CPU
	EndGlobalSection
	GlobalSection(SolutionProperties) = preSolution
		HideSolutionNode = FALSE
	EndGlobalSection
	GlobalSection(ExtensibilityGlobals) = postSolution
		SolutionGuid = {11EF20AE-9AE2-4F63-BF26-9E458E9C31AF}
	EndGlobalSection
EndGlobal
